{
  "requires": true,
  "lockfileVersion": 1,
  "dependencies": {
    "@headlessui/vue": {
      "version": "1.7.12",
      "resolved": "https://registry.npmjs.org/@headlessui/vue/-/vue-1.7.12.tgz",
      "integrity": "sha512-IV0k1I2I8Bj37HljFF231Y9cpldfiucf+inMCxA/VPoQT6UTxo0N/rb78CrogBxXNfsPxKmz3y/nlv+eRz6zvg=="
    },
    "@heroicons/vue": {
      "version": "2.0.16",
      "resolved": "https://registry.npmjs.org/@heroicons/vue/-/vue-2.0.16.tgz",
      "integrity": "sha512-saVAExLlGu6epqmS543qeWd/UOJUxpTJyK9aXeFGqS3VIW8X7yyJQmUGT40A38gBEAxMOdTdH9jFSh8sjPFM7A=="
    }
  }
}
